// !$*UTF8*$!
{
	archiveVersion = 1;
	classes = {
	};
	objectVersion = 50;
	objects = {

/* Begin PBXBuildFile section */
		490E7740219D69700052B71F /* AppDelegate.swift in Sources */ = {isa = PBXBuildFile; fileRef = 490E773F219D69700052B71F /* AppDelegate.swift */; };
		490E7747219D69720052B71F /* Assets.xcassets in Resources */ = {isa = PBXBuildFile; fileRef = 490E7746219D69720052B71F /* Assets.xcassets */; };
		490E774A219D69720052B71F /* LaunchScreen.storyboard in Resources */ = {isa = PBXBuildFile; fileRef = 490E7748219D69720052B71F /* LaunchScreen.storyboard */; };
		490E7753219D6E930052B71F /* Main.storyboard in Resources */ = {isa = PBXBuildFile; fileRef = 490E7751219D6E930052B71F /* Main.storyboard */; };
		493D09CF21A6DC2900284EF4 /* GoogleService-Info.plist in Resources */ = {isa = PBXBuildFile; fileRef = 493D09CE21A6DC2800284EF4 /* GoogleService-Info.plist */; };
		49477EB421A6E46000B2B321 /* LoginViewController.swift in Sources */ = {isa = PBXBuildFile; fileRef = 49477EB321A6E46000B2B321 /* LoginViewController.swift */; };
		49477EB621A6F24600B2B321 /* SignUpViewController.swift in Sources */ = {isa = PBXBuildFile; fileRef = 49477EB521A6F24600B2B321 /* SignUpViewController.swift */; };
		49477EB821A6F27200B2B321 /* ForgotPasswordViewController.swift in Sources */ = {isa = PBXBuildFile; fileRef = 49477EB721A6F27200B2B321 /* ForgotPasswordViewController.swift */; };
		4948062B21B6B71700ACFCD3 /* SocialGameViewController.swift in Sources */ = {isa = PBXBuildFile; fileRef = 4948062A21B6B71700ACFCD3 /* SocialGameViewController.swift */; };
		495F58DB219DA9EA0025388D /* Games.swift in Sources */ = {isa = PBXBuildFile; fileRef = 495F58DA219DA9EA0025388D /* Games.swift */; };
		4963F00521B00469006B556D /* Categories.swift in Sources */ = {isa = PBXBuildFile; fileRef = 4963F00421B00469006B556D /* Categories.swift */; };
		49A07FA721B178F100BD3DD9 /* QuizGameViewController.swift in Sources */ = {isa = PBXBuildFile; fileRef = 49A07FA621B178F100BD3DD9 /* QuizGameViewController.swift */; };
		49EDCFD221B956AC00C3D8C1 /* ExpandableView.swift in Sources */ = {isa = PBXBuildFile; fileRef = 49EDCFD121B956AC00C3D8C1 /* ExpandableView.swift */; };
		49EDCFD521B95EEF00C3D8C1 /* SimpleViewController.swift in Sources */ = {isa = PBXBuildFile; fileRef = 49EDCFD321B95EEF00C3D8C1 /* SimpleViewController.swift */; };
		49EDCFD621B95EEF00C3D8C1 /* SimpleViewController.xib in Resources */ = {isa = PBXBuildFile; fileRef = 49EDCFD421B95EEF00C3D8C1 /* SimpleViewController.xib */; };
		49EDCFD821B9699A00C3D8C1 /* GameViewController.swift in Sources */ = {isa = PBXBuildFile; fileRef = 49EDCFD721B9699A00C3D8C1 /* GameViewController.swift */; };
		49FD739821AD5DD60086E2FE /* DicerollViewController.swift in Sources */ = {isa = PBXBuildFile; fileRef = 49FD739721AD5DD60086E2FE /* DicerollViewController.swift */; };
		49FD739A21AD74060086E2FE /* HigherLowerViewController.swift in Sources */ = {isa = PBXBuildFile; fileRef = 49FD739921AD74060086E2FE /* HigherLowerViewController.swift */; };
		49FFFDE321BA001B0071B0B3 /* AppGames.swift in Sources */ = {isa = PBXBuildFile; fileRef = 49FFFDE221BA001B0071B0B3 /* AppGames.swift */; };
		49FFFDE621BAE5600071B0B3 /* ScoreBoardViewController.swift in Sources */ = {isa = PBXBuildFile; fileRef = 49FFFDE521BAE5600071B0B3 /* ScoreBoardViewController.swift */; };
		603E196ABC41C1AF16D22859 /* Pods_SocialityProject.framework in Frameworks */ = {isa = PBXBuildFile; fileRef = 2F578A7841DED61CD0C26710 /* Pods_SocialityProject.framework */; };
/* End PBXBuildFile section */

/* Begin PBXFileReference section */
		2F578A7841DED61CD0C26710 /* Pods_SocialityProject.framework */ = {isa = PBXFileReference; explicitFileType = wrapper.framework; includeInIndex = 0; path = Pods_SocialityProject.framework; sourceTree = BUILT_PRODUCTS_DIR; };
		490E773C219D69700052B71F /* SocialityProject.app */ = {isa = PBXFileReference; explicitFileType = wrapper.application; includeInIndex = 0; path = SocialityProject.app; sourceTree = BUILT_PRODUCTS_DIR; };
		490E773F219D69700052B71F /* AppDelegate.swift */ = {isa = PBXFileReference; lastKnownFileType = sourcecode.swift; path = AppDelegate.swift; sourceTree = "<group>"; };
		490E7746219D69720052B71F /* Assets.xcassets */ = {isa = PBXFileReference; lastKnownFileType = folder.assetcatalog; path = Assets.xcassets; sourceTree = "<group>"; };
		490E7749219D69720052B71F /* Base */ = {isa = PBXFileReference; lastKnownFileType = file.storyboard; name = Base; path = Base.lproj/LaunchScreen.storyboard; sourceTree = "<group>"; };
		490E774B219D69720052B71F /* Info.plist */ = {isa = PBXFileReference; lastKnownFileType = text.plist.xml; path = Info.plist; sourceTree = "<group>"; };
		490E7752219D6E930052B71F /* Base */ = {isa = PBXFileReference; lastKnownFileType = file.storyboard; name = Base; path = "../../../../Library/Autosave Information/Sociality/Sociality/Base.lproj/Main.storyboard"; sourceTree = "<group>"; };
		493D09CE21A6DC2800284EF4 /* GoogleService-Info.plist */ = {isa = PBXFileReference; fileEncoding = 4; lastKnownFileType = text.plist.xml; name = "GoogleService-Info.plist"; path = "../../../../Downloads/GoogleService-Info.plist"; sourceTree = "<group>"; };
		49477EB321A6E46000B2B321 /* LoginViewController.swift */ = {isa = PBXFileReference; lastKnownFileType = sourcecode.swift; path = LoginViewController.swift; sourceTree = "<group>"; };
		49477EB521A6F24600B2B321 /* SignUpViewController.swift */ = {isa = PBXFileReference; lastKnownFileType = sourcecode.swift; path = SignUpViewController.swift; sourceTree = "<group>"; };
		49477EB721A6F27200B2B321 /* ForgotPasswordViewController.swift */ = {isa = PBXFileReference; lastKnownFileType = sourcecode.swift; path = ForgotPasswordViewController.swift; sourceTree = "<group>"; };
		4948062A21B6B71700ACFCD3 /* SocialGameViewController.swift */ = {isa = PBXFileReference; lastKnownFileType = sourcecode.swift; path = SocialGameViewController.swift; sourceTree = "<group>"; };
		495F58DA219DA9EA0025388D /* Games.swift */ = {isa = PBXFileReference; lastKnownFileType = sourcecode.swift; path = Games.swift; sourceTree = "<group>"; };
		4963F00421B00469006B556D /* Categories.swift */ = {isa = PBXFileReference; lastKnownFileType = sourcecode.swift; path = Categories.swift; sourceTree = "<group>"; };
		49A07FA621B178F100BD3DD9 /* QuizGameViewController.swift */ = {isa = PBXFileReference; lastKnownFileType = sourcecode.swift; path = QuizGameViewController.swift; sourceTree = "<group>"; };
		49EDCFD121B956AC00C3D8C1 /* ExpandableView.swift */ = {isa = PBXFileReference; lastKnownFileType = sourcecode.swift; path = ExpandableView.swift; sourceTree = "<group>"; };
		49EDCFD321B95EEF00C3D8C1 /* SimpleViewController.swift */ = {isa = PBXFileReference; lastKnownFileType = sourcecode.swift; path = SimpleViewController.swift; sourceTree = "<group>"; };
		49EDCFD421B95EEF00C3D8C1 /* SimpleViewController.xib */ = {isa = PBXFileReference; lastKnownFileType = file.xib; path = SimpleViewController.xib; sourceTree = "<group>"; };
		49EDCFD721B9699A00C3D8C1 /* GameViewController.swift */ = {isa = PBXFileReference; lastKnownFileType = sourcecode.swift; path = GameViewController.swift; sourceTree = "<group>"; };
		49FD739721AD5DD60086E2FE /* DicerollViewController.swift */ = {isa = PBXFileReference; lastKnownFileType = sourcecode.swift; path = DicerollViewController.swift; sourceTree = "<group>"; };
		49FD739921AD74060086E2FE /* HigherLowerViewController.swift */ = {isa = PBXFileReference; lastKnownFileType = sourcecode.swift; path = HigherLowerViewController.swift; sourceTree = "<group>"; };
		49FFFDE221BA001B0071B0B3 /* AppGames.swift */ = {isa = PBXFileReference; lastKnownFileType = sourcecode.swift; path = AppGames.swift; sourceTree = "<group>"; };
		49FFFDE521BAE5600071B0B3 /* ScoreBoardViewController.swift */ = {isa = PBXFileReference; lastKnownFileType = sourcecode.swift; path = ScoreBoardViewController.swift; sourceTree = "<group>"; };
		B7873E5C6F73B8D847CB5B19 /* Pods-SocialityProject.debug.xcconfig */ = {isa = PBXFileReference; includeInIndex = 1; lastKnownFileType = text.xcconfig; name = "Pods-SocialityProject.debug.xcconfig"; path = "Pods/Target Support Files/Pods-SocialityProject/Pods-SocialityProject.debug.xcconfig"; sourceTree = "<group>"; };
		D41C77BDD23AC29E5051D840 /* Pods-SocialityProject.release.xcconfig */ = {isa = PBXFileReference; includeInIndex = 1; lastKnownFileType = text.xcconfig; name = "Pods-SocialityProject.release.xcconfig"; path = "Pods/Target Support Files/Pods-SocialityProject/Pods-SocialityProject.release.xcconfig"; sourceTree = "<group>"; };
/* End PBXFileReference section */

/* Begin PBXFrameworksBuildPhase section */
		490E7739219D69700052B71F /* Frameworks */ = {
			isa = PBXFrameworksBuildPhase;
			buildActionMask = 2147483647;
			files = (
				603E196ABC41C1AF16D22859 /* Pods_SocialityProject.framework in Frameworks */,
			);
			runOnlyForDeploymentPostprocessing = 0;
		};
/* End PBXFrameworksBuildPhase section */

/* Begin PBXGroup section */
		24B0927C0D1F82B706CA010F /* Frameworks */ = {
			isa = PBXGroup;
			children = (
				2F578A7841DED61CD0C26710 /* Pods_SocialityProject.framework */,
			);
			name = Frameworks;
			sourceTree = "<group>";
		};
		490E7733219D69700052B71F = {
			isa = PBXGroup;
			children = (
				490E773E219D69700052B71F /* SocialityProject */,
				490E773D219D69700052B71F /* Products */,
				E90D8F729C76EB5E3B3555E7 /* Pods */,
				24B0927C0D1F82B706CA010F /* Frameworks */,
			);
			sourceTree = "<group>";
		};
		490E773D219D69700052B71F /* Products */ = {
			isa = PBXGroup;
			children = (
				490E773C219D69700052B71F /* SocialityProject.app */,
			);
			name = Products;
			sourceTree = "<group>";
		};
		490E773E219D69700052B71F /* SocialityProject */ = {
			isa = PBXGroup;
			children = (
				490E7751219D6E930052B71F /* Main.storyboard */,
				49FD739721AD5DD60086E2FE /* DicerollViewController.swift */,
				490E773F219D69700052B71F /* AppDelegate.swift */,
				490E7746219D69720052B71F /* Assets.xcassets */,
				490E7748219D69720052B71F /* LaunchScreen.storyboard */,
				490E774B219D69720052B71F /* Info.plist */,
				495F58DA219DA9EA0025388D /* Games.swift */,
				493D09CE21A6DC2800284EF4 /* GoogleService-Info.plist */,
				49477EB321A6E46000B2B321 /* LoginViewController.swift */,
				49477EB521A6F24600B2B321 /* SignUpViewController.swift */,
				49477EB721A6F27200B2B321 /* ForgotPasswordViewController.swift */,
				49FD739921AD74060086E2FE /* HigherLowerViewController.swift */,
				4963F00421B00469006B556D /* Categories.swift */,
				49A07FA621B178F100BD3DD9 /* QuizGameViewController.swift */,
				4948062A21B6B71700ACFCD3 /* SocialGameViewController.swift */,
				49EDCFD121B956AC00C3D8C1 /* ExpandableView.swift */,
				49EDCFD321B95EEF00C3D8C1 /* SimpleViewController.swift */,
				49EDCFD421B95EEF00C3D8C1 /* SimpleViewController.xib */,
				49EDCFD721B9699A00C3D8C1 /* GameViewController.swift */,
				49FFFDE221BA001B0071B0B3 /* AppGames.swift */,
				49FFFDE521BAE5600071B0B3 /* ScoreBoardViewController.swift */,
			);
			path = SocialityProject;
			sourceTree = "<group>";
		};
		E90D8F729C76EB5E3B3555E7 /* Pods */ = {
			isa = PBXGroup;
			children = (
				B7873E5C6F73B8D847CB5B19 /* Pods-SocialityProject.debug.xcconfig */,
				D41C77BDD23AC29E5051D840 /* Pods-SocialityProject.release.xcconfig */,
			);
			name = Pods;
			sourceTree = "<group>";
		};
/* End PBXGroup section */

/* Begin PBXNativeTarget section */
		490E773B219D69700052B71F /* SocialityProject */ = {
			isa = PBXNativeTarget;
			buildConfigurationList = 490E774E219D69720052B71F /* Build configuration list for PBXNativeTarget "SocialityProject" */;
			buildPhases = (
				700B8AAF5D491D53C380F4C0 /* [CP] Check Pods Manifest.lock */,
				490E7738219D69700052B71F /* Sources */,
				490E7739219D69700052B71F /* Frameworks */,
				490E773A219D69700052B71F /* Resources */,
				CE15219F1130554A2D6D411D /* [CP] Embed Pods Frameworks */,
				49FFFDE421BAB7390071B0B3 /* ShellScript */,
			);
			buildRules = (
			);
			dependencies = (
			);
			name = SocialityProject;
			productName = SocialityProject;
			productReference = 490E773C219D69700052B71F /* SocialityProject.app */;
			productType = "com.apple.product-type.application";
		};
/* End PBXNativeTarget section */

/* Begin PBXProject section */
		490E7734219D69700052B71F /* Project object */ = {
			isa = PBXProject;
			attributes = {
				LastSwiftUpdateCheck = 1010;
				LastUpgradeCheck = 1010;
				ORGANIZATIONNAME = "Christopher Chytræus";
				TargetAttributes = {
					490E773B219D69700052B71F = {
						CreatedOnToolsVersion = 10.1;
					};
				};
			};
			buildConfigurationList = 490E7737219D69700052B71F /* Build configuration list for PBXProject "SocialityProject" */;
			compatibilityVersion = "Xcode 9.3";
			developmentRegion = en;
			hasScannedForEncodings = 0;
			knownRegions = (
				en,
				Base,
			);
			mainGroup = 490E7733219D69700052B71F;
			productRefGroup = 490E773D219D69700052B71F /* Products */;
			projectDirPath = "";
			projectRoot = "";
			targets = (
				490E773B219D69700052B71F /* SocialityProject */,
			);
		};
/* End PBXProject section */

/* Begin PBXResourcesBuildPhase section */
		490E773A219D69700052B71F /* Resources */ = {
			isa = PBXResourcesBuildPhase;
			buildActionMask = 2147483647;
			files = (
				49EDCFD621B95EEF00C3D8C1 /* SimpleViewController.xib in Resources */,
				490E7753219D6E930052B71F /* Main.storyboard in Resources */,
				493D09CF21A6DC2900284EF4 /* GoogleService-Info.plist in Resources */,
				490E774A219D69720052B71F /* LaunchScreen.storyboard in Resources */,
				490E7747219D69720052B71F /* Assets.xcassets in Resources */,
			);
			runOnlyForDeploymentPostprocessing = 0;
		};
/* End PBXResourcesBuildPhase section */

/* Begin PBXShellScriptBuildPhase section */
		49FFFDE421BAB7390071B0B3 /* ShellScript */ = {
			isa = PBXShellScriptBuildPhase;
			buildActionMask = 2147483647;
			files = (
			);
			inputFileListPaths = (
			);
			inputPaths = (
				"$(BUILT_PRODUCTS_DIR)/$(INFOPLIST_PATH)",
			);
			outputFileListPaths = (
			);
			outputPaths = (
			);
			runOnlyForDeploymentPostprocessing = 0;
			shellPath = /bin/sh;
			shellScript = "# Type a script or drag a script file from your workspace to insert its path.\n\"${PODS_ROOT}/Fabric/run\"\n";
		};
		700B8AAF5D491D53C380F4C0 /* [CP] Check Pods Manifest.lock */ = {
			isa = PBXShellScriptBuildPhase;
			buildActionMask = 2147483647;
			files = (
			);
			inputFileListPaths = (
			);
			inputPaths = (
				"${PODS_PODFILE_DIR_PATH}/Podfile.lock",
				"${PODS_ROOT}/Manifest.lock",
			);
			name = "[CP] Check Pods Manifest.lock";
			outputFileListPaths = (
			);
			outputPaths = (
				"$(DERIVED_FILE_DIR)/Pods-SocialityProject-checkManifestLockResult.txt",
			);
			runOnlyForDeploymentPostprocessing = 0;
			shellPath = /bin/sh;
			shellScript = "diff \"${PODS_PODFILE_DIR_PATH}/Podfile.lock\" \"${PODS_ROOT}/Manifest.lock\" > /dev/null\nif [ $? != 0 ] ; then\n    # print error to STDERR\n    echo \"error: The sandbox is not in sync with the Podfile.lock. Run 'pod install' or update your CocoaPods installation.\" >&2\n    exit 1\nfi\n# This output is used by Xcode 'outputs' to avoid re-running this script phase.\necho \"SUCCESS\" > \"${SCRIPT_OUTPUT_FILE_0}\"\n";
			showEnvVarsInLog = 0;
		};
		CE15219F1130554A2D6D411D /* [CP] Embed Pods Frameworks */ = {
			isa = PBXShellScriptBuildPhase;
			buildActionMask = 2147483647;
			files = (
			);
			inputFileListPaths = (
			);
			inputPaths = (
				"${SRCROOT}/Pods/Target Support Files/Pods-SocialityProject/Pods-SocialityProject-frameworks.sh",
				"${BUILT_PRODUCTS_DIR}/Bolts/Bolts.framework",
				"${BUILT_PRODUCTS_DIR}/FBSDKCoreKit/FBSDKCoreKit.framework",
				"${BUILT_PRODUCTS_DIR}/FBSDKLoginKit/FBSDKLoginKit.framework",
				"${BUILT_PRODUCTS_DIR}/FBSDKShareKit/FBSDKShareKit.framework",
				"${BUILT_PRODUCTS_DIR}/GTMSessionFetcher/GTMSessionFetcher.framework",
				"${BUILT_PRODUCTS_DIR}/GoogleUtilities/GoogleUtilities.framework",
				"${BUILT_PRODUCTS_DIR}/nanopb/nanopb.framework",
			);
			name = "[CP] Embed Pods Frameworks";
			outputFileListPaths = (
			);
			outputPaths = (
				"${TARGET_BUILD_DIR}/${FRAMEWORKS_FOLDER_PATH}/Bolts.framework",
				"${TARGET_BUILD_DIR}/${FRAMEWORKS_FOLDER_PATH}/FBSDKCoreKit.framework",
				"${TARGET_BUILD_DIR}/${FRAMEWORKS_FOLDER_PATH}/FBSDKLoginKit.framework",
				"${TARGET_BUILD_DIR}/${FRAMEWORKS_FOLDER_PATH}/FBSDKShareKit.framework",
				"${TARGET_BUILD_DIR}/${FRAMEWORKS_FOLDER_PATH}/GTMSessionFetcher.framework",
				"${TARGET_BUILD_DIR}/${FRAMEWORKS_FOLDER_PATH}/GoogleUtilities.framework",
				"${TARGET_BUILD_DIR}/${FRAMEWORKS_FOLDER_PATH}/nanopb.framework",
			);
			runOnlyForDeploymentPostprocessing = 0;
			shellPath = /bin/sh;
			shellScript = "\"${SRCROOT}/Pods/Target Support Files/Pods-SocialityProject/Pods-SocialityProject-frameworks.sh\"\n";
			showEnvVarsInLog = 0;
		};
/* End PBXShellScriptBuildPhase section */

/* Begin PBXSourcesBuildPhase section */
		490E7738219D69700052B71F /* Sources */ = {
			isa = PBXSourcesBuildPhase;
			buildActionMask = 2147483647;
			files = (
				49EDCFD821B9699A00C3D8C1 /* GameViewController.swift in Sources */,
				49477EB421A6E46000B2B321 /* LoginViewController.swift in Sources */,
				49477EB621A6F24600B2B321 /* SignUpViewController.swift in Sources */,
				4948062B21B6B71700ACFCD3 /* SocialGameViewController.swift in Sources */,
				495F58DB219DA9EA0025388D /* Games.swift in Sources */,
				49FFFDE321BA001B0071B0B3 /* AppGames.swift in Sources */,
				4963F00521B00469006B556D /* Categories.swift in Sources */,
				49EDCFD221B956AC00C3D8C1 /* ExpandableView.swift in Sources */,
				49477EB821A6F27200B2B321 /* ForgotPasswordViewController.swift in Sources */,
				49FD739A21AD74060086E2FE /* HigherLowerViewController.swift in Sources */,
				490E7740219D69700052B71F /* AppDelegate.swift in Sources */,
				49A07FA721B178F100BD3DD9 /* QuizGameViewController.swift in Sources */,
				49EDCFD521B95EEF00C3D8C1 /* SimpleViewController.swift in Sources */,
				49FFFDE621BAE5600071B0B3 /* ScoreBoardViewController.swift in Sources */,
				49FD739821AD5DD60086E2FE /* DicerollViewController.swift in Sources */,
			);
			runOnlyForDeploymentPostprocessing = 0;
		};
/* End PBXSourcesBuildPhase section */

/* Begin PBXVariantGroup section */
		490E7748219D69720052B71F /* LaunchScreen.storyboard */ = {
			isa = PBXVariantGroup;
			children = (
				490E7749219D69720052B71F /* Base */,
			);
			name = LaunchScreen.storyboard;
			sourceTree = "<group>";
		};
		490E7751219D6E930052B71F /* Main.storyboard */ = {
			isa = PBXVariantGroup;
			children = (
				490E7752219D6E930052B71F /* Base */,
			);
			name = Main.storyboard;
			sourceTree = "<group>";
		};
/* End PBXVariantGroup section */

/* Begin XCBuildConfiguration section */
		490E774C219D69720052B71F /* Debug */ = {
			isa = XCBuildConfiguration;
			buildSettings = {
				ALWAYS_SEARCH_USER_PATHS = NO;
				CLANG_ANALYZER_NONNULL = YES;
				CLANG_ANALYZER_NUMBER_OBJECT_CONVERSION = YES_AGGRESSIVE;
				CLANG_CXX_LANGUAGE_STANDARD = "gnu++14";
				CLANG_CXX_LIBRARY = "libc++";
				CLANG_ENABLE_MODULES = YES;
				CLANG_ENABLE_OBJC_ARC = YES;
				CLANG_ENABLE_OBJC_WEAK = YES;
				CLANG_WARN_BLOCK_CAPTURE_AUTORELEASING = YES;
				CLANG_WARN_BOOL_CONVERSION = YES;
				CLANG_WARN_COMMA = YES;
				CLANG_WARN_CONSTANT_CONVERSION = YES;
				CLANG_WARN_DEPRECATED_OBJC_IMPLEMENTATIONS = YES;
				CLANG_WARN_DIRECT_OBJC_ISA_USAGE = YES_ERROR;
				CLANG_WARN_DOCUMENTATION_COMMENTS = YES;
				CLANG_WARN_EMPTY_BODY = YES;
				CLANG_WARN_ENUM_CONVERSION = YES;
				CLANG_WARN_INFINITE_RECURSION = YES;
				CLANG_WARN_INT_CONVERSION = YES;
				CLANG_WARN_NON_LITERAL_NULL_CONVERSION = YES;
				CLANG_WARN_OBJC_IMPLICIT_RETAIN_SELF = YES;
				CLANG_WARN_OBJC_LITERAL_CONVERSION = YES;
				CLANG_WARN_OBJC_ROOT_CLASS = YES_ERROR;
				CLANG_WARN_RANGE_LOOP_ANALYSIS = YES;
				CLANG_WARN_STRICT_PROTOTYPES = YES;
				CLANG_WARN_SUSPICIOUS_MOVE = YES;
				CLANG_WARN_UNGUARDED_AVAILABILITY = YES_AGGRESSIVE;
				CLANG_WARN_UNREACHABLE_CODE = YES;
				CLANG_WARN__DUPLICATE_METHOD_MATCH = YES;
				CODE_SIGN_IDENTITY = "iPhone Developer";
				COPY_PHASE_STRIP = NO;
				DEBUG_INFORMATION_FORMAT = dwarf;
				ENABLE_STRICT_OBJC_MSGSEND = YES;
				ENABLE_TESTABILITY = YES;
				GCC_C_LANGUAGE_STANDARD = gnu11;
				GCC_DYNAMIC_NO_PIC = NO;
				GCC_NO_COMMON_BLOCKS = YES;
				GCC_OPTIMIZATION_LEVEL = 0;
				GCC_PREPROCESSOR_DEFINITIONS = (
					"DEBUG=1",
					"$(inherited)",
				);
				GCC_WARN_64_TO_32_BIT_CONVERSION = YES;
				GCC_WARN_ABOUT_RETURN_TYPE = YES_ERROR;
				GCC_WARN_UNDECLARED_SELECTOR = YES;
				GCC_WARN_UNINITIALIZED_AUTOS = YES_AGGRESSIVE;
				GCC_WARN_UNUSED_FUNCTION = YES;
				GCC_WARN_UNUSED_VARIABLE = YES;
				IPHONEOS_DEPLOYMENT_TARGET = 12.1;
				MTL_ENABLE_DEBUG_INFO = INCLUDE_SOURCE;
				MTL_FAST_MATH = YES;
				ONLY_ACTIVE_ARCH = YES;
				SDKROOT = iphoneos;
				SWIFT_ACTIVE_COMPILATION_CONDITIONS = DEBUG;
				SWIFT_OPTIMIZATION_LEVEL = "-Onone";
			};
			name = Debug;
		};
		490E774D219D69720052B71F /* Release */ = {
			isa = XCBuildConfiguration;
			buildSettings = {
				ALWAYS_SEARCH_USER_PATHS = NO;
				CLANG_ANALYZER_NONNULL = YES;
				CLANG_ANALYZER_NUMBER_OBJECT_CONVERSION = YES_AGGRESSIVE;
				CLANG_CXX_LANGUAGE_STANDARD = "gnu++14";
				CLANG_CXX_LIBRARY = "libc++";
				CLANG_ENABLE_MODULES = YES;
				CLANG_ENABLE_OBJC_ARC = YES;
				CLANG_ENABLE_OBJC_WEAK = YES;
				CLANG_WARN_BLOCK_CAPTURE_AUTORELEASING = YES;
				CLANG_WARN_BOOL_CONVERSION = YES;
				CLANG_WARN_COMMA = YES;
				CLANG_WARN_CONSTANT_CONVERSION = YES;
				CLANG_WARN_DEPRECATED_OBJC_IMPLEMENTATIONS = YES;
				CLANG_WARN_DIRECT_OBJC_ISA_USAGE = YES_ERROR;
				CLANG_WARN_DOCUMENTATION_COMMENTS = YES;
				CLANG_WARN_EMPTY_BODY = YES;
				CLANG_WARN_ENUM_CONVERSION = YES;
				CLANG_WARN_INFINITE_RECURSION = YES;
				CLANG_WARN_INT_CONVERSION = YES;
				CLANG_WARN_NON_LITERAL_NULL_CONVERSION = YES;
				CLANG_WARN_OBJC_IMPLICIT_RETAIN_SELF = YES;
				CLANG_WARN_OBJC_LITERAL_CONVERSION = YES;
				CLANG_WARN_OBJC_ROOT_CLASS = YES_ERROR;
				CLANG_WARN_RANGE_LOOP_ANALYSIS = YES;
				CLANG_WARN_STRICT_PROTOTYPES = YES;
				CLANG_WARN_SUSPICIOUS_MOVE = YES;
				CLANG_WARN_UNGUARDED_AVAILABILITY = YES_AGGRESSIVE;
				CLANG_WARN_UNREACHABLE_CODE = YES;
				CLANG_WARN__DUPLICATE_METHOD_MATCH = YES;
				CODE_SIGN_IDENTITY = "iPhone Developer";
				COPY_PHASE_STRIP = NO;
				DEBUG_INFORMATION_FORMAT = "dwarf-with-dsym";
				ENABLE_NS_ASSERTIONS = NO;
				ENABLE_STRICT_OBJC_MSGSEND = YES;
				GCC_C_LANGUAGE_STANDARD = gnu11;
				GCC_NO_COMMON_BLOCKS = YES;
				GCC_WARN_64_TO_32_BIT_CONVERSION = YES;
				GCC_WARN_ABOUT_RETURN_TYPE = YES_ERROR;
				GCC_WARN_UNDECLARED_SELECTOR = YES;
				GCC_WARN_UNINITIALIZED_AUTOS = YES_AGGRESSIVE;
				GCC_WARN_UNUSED_FUNCTION = YES;
				GCC_WARN_UNUSED_VARIABLE = YES;
				IPHONEOS_DEPLOYMENT_TARGET = 12.1;
				MTL_ENABLE_DEBUG_INFO = NO;
				MTL_FAST_MATH = YES;
				SDKROOT = iphoneos;
				SWIFT_COMPILATION_MODE = wholemodule;
				SWIFT_OPTIMIZATION_LEVEL = "-O";
				VALIDATE_PRODUCT = YES;
			};
			name = Release;
		};
		490E774F219D69720052B71F /* Debug */ = {
			isa = XCBuildConfiguration;
			baseConfigurationReference = B7873E5C6F73B8D847CB5B19 /* Pods-SocialityProject.debug.xcconfig */;
			buildSettings = {
				ASSETCATALOG_COMPILER_APPICON_NAME = AppIcon;
				CODE_SIGN_STYLE = Automatic;
				DEBUG_INFORMATION_FORMAT = "dwarf-with-dsym";
				DEVELOPMENT_TEAM = 86QK2T6A6N;
				INFOPLIST_FILE = SocialityProject/Info.plist;
				LD_RUNPATH_SEARCH_PATHS = (
					"$(inherited)",
					"@executable_path/Frameworks",
				);
				PRODUCT_BUNDLE_IDENTIFIER = swiftProject.SocialityProject;
				PRODUCT_NAME = "$(TARGET_NAME)";
				SWIFT_VERSION = 4.2;
				TARGETED_DEVICE_FAMILY = "1,2";
			};
			name = Debug;
		};
		490E7750219D69720052B71F /* Release */ = {
			isa = XCBuildConfiguration;
			baseConfigurationReference = D41C77BDD23AC29E5051D840 /* Pods-SocialityProject.release.xcconfig */;
			buildSettings = {
				ASSETCATALOG_COMPILER_APPICON_NAME = AppIcon;
				CODE_SIGN_STYLE = Automatic;
				DEBUG_INFORMATION_FORMAT = "dwarf-with-dsym";
				DEVELOPMENT_TEAM = 86QK2T6A6N;
				INFOPLIST_FILE = SocialityProject/Info.plist;
				LD_RUNPATH_SEARCH_PATHS = (
					"$(inherited)",
					"@executable_path/Frameworks",
				);
				PRODUCT_BUNDLE_IDENTIFIER = swiftProject.SocialityProject;
				PRODUCT_NAME = "$(TARGET_NAME)";
				SWIFT_VERSION = 4.2;
				TARGETED_DEVICE_FAMILY = "1,2";
			};
			name = Release;
		};
/* End XCBuildConfiguration section */

/* Begin XCConfigurationList section */
		490E7737219D69700052B71F /* Build configuration list for PBXProject "SocialityProject" */ = {
			isa = XCConfigurationList;
			buildConfigurations = (
				490E774C219D69720052B71F /* Debug */,
				490E774D219D69720052B71F /* Release */,
			);
			defaultConfigurationIsVisible = 0;
			defaultConfigurationName = Release;
		};
		490E774E219D69720052B71F /* Build configuration list for PBXNativeTarget "SocialityProject" */ = {
			isa = XCConfigurationList;
			buildConfigurations = (
				490E774F219D69720052B71F /* Debug */,
				490E7750219D69720052B71F /* Release */,
			);
			defaultConfigurationIsVisible = 0;
			defaultConfigurationName = Release;
		};
/* End XCConfigurationList section */
	};
	rootObject = 490E7734219D69700052B71F /* Project object */;
}
